{
  "version": 4,
  "terraform_version": "1.9.8",
  "serial": 57,
  "lineage": "1f006600-aed7-5325-620c-e4ae5f9d90d7",
  "outputs": {
    "ci_cd_vm_public_ip": {
      "value": "52.166.151.58",
      "type": "string"
    },
    "deployment_vm_public_ip": {
      "value": "52.166.151.86",
      "type": "string"
    }
  },
  "resources": [
    {
      "mode": "managed",
      "type": "azurerm_dev_test_global_vm_shutdown_schedule",
      "name": "ci_cd_shutdown",
      "provider": "provider[\"registry.terraform.io/hashicorp/azurerm\"]",
      "instances": [
        {
          "schema_version": 0,
          "attributes": {
            "daily_recurrence_time": "1500",
            "enabled": true,
            "id": "/subscriptions/c539c22d-81df-4900-93d0-f5d20ccc64b9/resourceGroups/pis-rg-2/providers/Microsoft.DevTestLab/schedules/shutdown-computevm-ci-cd-vm",
            "location": "westeurope",
            "notification_settings": [
              {
                "email": "",
                "enabled": false,
                "time_in_minutes": 30,
                "webhook_url": ""
              }
            ],
            "tags": null,
            "timeouts": null,
            "timezone": "Pacific Standard Time",
            "virtual_machine_id": "/subscriptions/c539c22d-81df-4900-93d0-f5d20ccc64b9/resourceGroups/pis-rg-2/providers/Microsoft.Compute/virtualMachines/ci-cd-vm"
          },
          "sensitive_attributes": [],
          "private": "eyJlMmJmYjczMC1lY2FhLTExZTYtOGY4OC0zNDM2M2JjN2M0YzAiOnsiY3JlYXRlIjoxODAwMDAwMDAwMDAwLCJkZWxldGUiOjE4MDAwMDAwMDAwMDAsInJlYWQiOjMwMDAwMDAwMDAwMCwidXBkYXRlIjoxODAwMDAwMDAwMDAwfX0=",
          "dependencies": [
            "azurerm_linux_virtual_machine.ci_cd_vm",
            "azurerm_network_interface.ci_cd_nic",
            "azurerm_public_ip.ci_cd_ip",
            "azurerm_resource_group.pis_rg",
            "azurerm_subnet.pis_subnet",
            "azurerm_virtual_network.pis_vnet"
          ]
        }
      ]
    },
    {
      "mode": "managed",
      "type": "azurerm_dev_test_global_vm_shutdown_schedule",
      "name": "deployment_shutdown",
      "provider": "provider[\"registry.terraform.io/hashicorp/azurerm\"]",
      "instances": [
        {
          "schema_version": 0,
          "attributes": {
            "daily_recurrence_time": "1500",
            "enabled": true,
            "id": "/subscriptions/c539c22d-81df-4900-93d0-f5d20ccc64b9/resourceGroups/pis-rg-2/providers/Microsoft.DevTestLab/schedules/shutdown-computevm-deployment-vm",
            "location": "westeurope",
            "notification_settings": [
              {
                "email": "",
                "enabled": false,
                "time_in_minutes": 30,
                "webhook_url": ""
              }
            ],
            "tags": null,
            "timeouts": null,
            "timezone": "Pacific Standard Time",
            "virtual_machine_id": "/subscriptions/c539c22d-81df-4900-93d0-f5d20ccc64b9/resourceGroups/pis-rg-2/providers/Microsoft.Compute/virtualMachines/deployment-vm"
          },
          "sensitive_attributes": [],
          "private": "eyJlMmJmYjczMC1lY2FhLTExZTYtOGY4OC0zNDM2M2JjN2M0YzAiOnsiY3JlYXRlIjoxODAwMDAwMDAwMDAwLCJkZWxldGUiOjE4MDAwMDAwMDAwMDAsInJlYWQiOjMwMDAwMDAwMDAwMCwidXBkYXRlIjoxODAwMDAwMDAwMDAwfX0=",
          "dependencies": [
            "azurerm_linux_virtual_machine.deployment_vm",
            "azurerm_network_interface.deployment_nic",
            "azurerm_public_ip.deployment_ip",
            "azurerm_resource_group.pis_rg",
            "azurerm_subnet.pis_subnet",
            "azurerm_virtual_network.pis_vnet"
          ]
        }
      ]
    },
    {
      "mode": "managed",
      "type": "azurerm_linux_virtual_machine",
      "name": "ci_cd_vm",
      "provider": "provider[\"registry.terraform.io/hashicorp/azurerm\"]",
      "instances": [
        {
          "schema_version": 0,
          "attributes": {
            "additional_capabilities": [],
            "admin_password": null,
            "admin_ssh_key": [
              {
                "public_key": "ssh-rsa AAAAB3NzaC1yc2EAAAADAQABAAABgQDTyNTnRMC1hxLhsA7JI4ZsLdZTBqFxkJSp/fmOIt1B+uYokjPljgoNNuqahzuiZ/26Uw4dcDwfcv6h0xeHp1nXtCuSYWdbVDDxYojQRWsVXYr72kex44Tg0WF4g7A1ub/lB+2Ik0e96SFYY/vlsqji6ie1c2pdtS6yuJBtgipDp3WEmgDArWw9PkvGzlZG58eW4DQSeNf/WsGsamIKpqzQm3jKpDvUfpeIxK2z+Qv1w5YyzAEM2InzFleUafx7PSZ9/rdJKRBRmts52c7FA8Z7LiGcZYtBL1S37NDdMwNFZDWJ3M8sDRSSblgndm9dkQdsQu3zqYn1TBrJK/pnPwIULMHIlpiyZo109tbQwzDRRvm9Ns/JRjpusEOE8aZEIlVSgipMs9H/mIS6oriAoolgUTVcmrenKAIZjQNjWM/syx3MEdmdv8SbSYnixV4ZT0wGkgmShQxsv1SfeAkSqNOiO3+OjjRkSyAM2tBFn9Xy8Ll9bxorUYOX7qxWheWfoTs= olek.drwal@gmail.com\nssh-rsa AAAAB3NzaC1yc2EAAAADAQABAAABgQCnhLxW0HKiaIgajs5vI5R9FWt+42HYHhARbyI1ApahwPhVjFwttsKbiYsHW7h6cLXn0M99+h3z3ksUKJ0ndLs/QJk3PkkbmPl2pFIeH2SYMA4WIP1dUbN4jCIU87W76zs4k7xnDtZoejXwcjKckCae9wv4bO3ez47xyrscpyQf5KLDzleomajcJHcalD17+By/mA8T2KY0H9SeVFVpKsWJt1xWi3bksmuU6LvILHZ161m0LK1U+WsjJQhByd/pWdWsm9Y5hGrqv2IK3YV2VDSPutpbdpDgvWKLap1MMSAG6ovPmcjOtT30qX1wQrnY9zwKh0YEm0ZRwmLdIdaIARCQj9EM6VmJV7vd2J2RvQh/bVr5wyVYWgkGS3V/Q1KvXqt1TDu/n0brUTGsNSKJT2h8+wiC51MLpRlrYt8QvuYjbYpDGvzLuVwMbCgdFNUxder7SffnjUzS2xxV5fdAuxx6LUqYSobnqoily4uiow/a+ddbtY6Dnl6QlXxdBOJQWWs= grabski.dev@gmail.com\nssh-rsa AAAAB3NzaC1yc2EAAAADAQABAAACAQDAe3Bm4eMPScIPxzWjh9dYLTL7+MeVhhzZt+R3cWGKg1lzCneFfJtL6EWgjd5PEo4/NX2OlE/OCNjU5XVh/IXJriPkvUYY+OeiTsqNlyr/HKqpKN+5cvIhO7PSJuF6sUdMaoXV8JI7osyk16sHoXw8VMYG3ldkF1UR7rpsYhcgZFQgBLmB5Nu6rKeXXDtsE3ib5qxzNXF169BZZXlNf1Mj8o2TLFnqBhA1Ewk5GRPQA1WVwcm0iMaNh4C7S4CiemaaMOQXqC+ZGAph+lB9m5GtAveiugaf2ScWbOF0RpULHf0JMWKaIor54cYehox0zwJwP30+Nh6Qmx+5Ld9C/CS6yE8ALI3NXb2nIJvs8CqfI28Z5Jtjt9D+RaNHJMejcmCPU7qvZ7UYd+odMi/4ZAtVQKVyYFieXWmA1zc8j0LbhaTmq4aQviMb5+J/w5gJGjB6gVCcHCRpDF6Whi9nHELL33KsictnEVBXZlwJcfaTHfeNk1DiNqFyc5AfKRuN589aiLykaS2TQqZofjr1qNw0bF65dIwyw+X6lp/3ty9+nceI8s9a+Gmhp1XmIttlPPZzWFQ19ywS63Xu/cH/JDpHBn6PpTqv4xpH7Lb46dZlFEMYaixT9e8LuK37l/aVXojQb6/+hR2SMqatDIIx4gA+7sIwCwt4X++GPw6c7836kQ== mgarbowski@yoga\nssh-rsa AAAAB3NzaC1yc2EAAAADAQABAAABgQDIyW94gLBuOGnuS5U8PgUpDWjL4yEh25eqBV8bkdGF3vkjAmYO9der6ianFYEueNnZtUgGgLr8Sde3Kw2aQ/dHkBB2ulChvTfTVI+97v43hwtaz3Nqf3+eRLS2js6sG/LLnmMxyh2cFrf4plbslLIeulhmR6iW4WjAWDSHkLD6vPsnH2aX0r6zUja1zJ6n+rwukWpROsfrRa1knfX5HoB0hzW8ihzo4sQKfpXh7vMWELsPRsIbZFuhAABbEV/MxUFKxF2qc/L2vMZaILNMcscChh2qMh4+DTTx9K2cKbb5arEUUe89GyaGR/9ejZhY6MJ/quztnf8eoHexUMgRM0E1mH6KJjlyQ7eCVC8x3WdBSoDR09BumEruHQpT++2pzdEF3pK/9om4tml6fYQ+8NpWjBrV53x/08ESc0l3HCOgdUB1UMuKLwLmvFZt+0zVOfQR1W/mITTxecY35FA5Ja0Vy6oAXNhPUikmgtsTlMI12EfK336Qr/kZqlaX46NFlF0= bienkowski.maksym@gmail.com\nssh-rsa AAAAB3NzaC1yc2EAAAADAQABAAABgQCYwqyufA/oBKMw/YfwrC/SAtKNMw0I2qUROXSFuh3Vg6ENn7ItBUOWi6LGxNzKWiy3R9YbNqEsvpVB+OGouVUxgYyleGgnGjoz6vkssL/DoBiC2N0iZ38z8eXVODAK7JAGg/RS204oVthunf8kVxCtqjWHoXnft7Ai4tTxlSOhzV+Ho4PuRISKsRi9uI/CbgiWZegjPxyhlsBAKQeKM20Vs+JXUqbmRRZfa/KsJeHlrnvm/fzzOxhnQ8WoMej1gafnKgDpp12TPiKeKlRqNVoHvoYVOZ5pDj96ozzF87S9a0dOAuMiABsH+mwkPHDuWxNRhf4LY5Zmg7umg/2Nnqjmoz+qVVVCFBPFTmnFzNoJ8AVvpdHGzvJSgjpq4A7i+gEXkyHWblL4HDlz60lGTPO2CcCB78E/acfftub7o0aChPNg3KrfRR8bk33WpFiiBZI33yKvehzGw5tl9idQxkmRaecusmLdwJQTfd1pWtd2+2mz9z7wvJhiNyJbbmmd3zk= michluszcz@gmail.com\n",
                "username": "azureuser"
              }
            ],
            "admin_username": "azureuser",
            "allow_extension_operations": true,
            "availability_set_id": "",
            "boot_diagnostics": [],
            "computer_name": "ci-cd-vm",
            "custom_data": null,
            "dedicated_host_group_id": "",
            "dedicated_host_id": "",
            "disable_password_authentication": true,
            "edge_zone": "",
            "encryption_at_host_enabled": false,
            "eviction_policy": "",
            "extensions_time_budget": "PT1H30M",
            "id": "/subscriptions/c539c22d-81df-4900-93d0-f5d20ccc64b9/resourceGroups/pis-rg-2/providers/Microsoft.Compute/virtualMachines/ci-cd-vm",
            "identity": [],
            "license_type": "",
            "location": "westeurope",
            "max_bid_price": -1,
            "name": "ci-cd-vm",
            "network_interface_ids": [
              "/subscriptions/c539c22d-81df-4900-93d0-f5d20ccc64b9/resourceGroups/pis-rg-2/providers/Microsoft.Network/networkInterfaces/ci-cd-nic"
            ],
            "os_disk": [
              {
                "caching": "ReadWrite",
                "diff_disk_settings": [],
                "disk_encryption_set_id": "",
                "disk_size_gb": 30,
                "name": "ci-cd-vm_OsDisk_1_c38f92fcb6d44e5eb6c11f98c0fc4d4d",
                "storage_account_type": "Standard_LRS",
                "write_accelerator_enabled": false
              }
            ],
            "patch_mode": "ImageDefault",
            "plan": [],
            "platform_fault_domain": -1,
            "priority": "Regular",
            "private_ip_address": "10.0.1.4",
            "private_ip_addresses": [
              "10.0.1.4"
            ],
            "provision_vm_agent": true,
            "proximity_placement_group_id": "",
            "public_ip_address": "52.166.151.58",
            "public_ip_addresses": [
              "52.166.151.58"
            ],
            "resource_group_name": "pis-rg-2",
            "secret": [],
            "secure_boot_enabled": false,
            "size": "Standard_B1s",
            "source_image_id": "",
            "source_image_reference": [
              {
                "offer": "0001-com-ubuntu-server-focal",
                "publisher": "Canonical",
                "sku": "20_04-lts",
                "version": "latest"
              }
            ],
            "tags": null,
            "termination_notification": null,
            "timeouts": null,
            "user_data": "",
            "virtual_machine_id": "30b76db9-3eef-4c87-9eb3-dfd5212815d1",
            "virtual_machine_scale_set_id": "",
            "vtpm_enabled": false,
            "zone": ""
          },
          "sensitive_attributes": [
            [
              {
                "type": "get_attr",
                "value": "admin_password"
              }
            ],
            [
              {
                "type": "get_attr",
                "value": "custom_data"
              }
            ]
          ],
          "private": "eyJlMmJmYjczMC1lY2FhLTExZTYtOGY4OC0zNDM2M2JjN2M0YzAiOnsiY3JlYXRlIjoyNzAwMDAwMDAwMDAwLCJkZWxldGUiOjI3MDAwMDAwMDAwMDAsInJlYWQiOjMwMDAwMDAwMDAwMCwidXBkYXRlIjoyNzAwMDAwMDAwMDAwfX0=",
          "dependencies": [
            "azurerm_network_interface.ci_cd_nic",
            "azurerm_public_ip.ci_cd_ip",
            "azurerm_resource_group.pis_rg",
            "azurerm_subnet.pis_subnet",
            "azurerm_virtual_network.pis_vnet"
          ]
        }
      ]
    },
    {
      "mode": "managed",
      "type": "azurerm_linux_virtual_machine",
      "name": "deployment_vm",
      "provider": "provider[\"registry.terraform.io/hashicorp/azurerm\"]",
      "instances": [
        {
          "schema_version": 0,
          "attributes": {
            "additional_capabilities": [],
            "admin_password": null,
            "admin_ssh_key": [
              {
                "public_key": "ssh-rsa AAAAB3NzaC1yc2EAAAADAQABAAABgQDTyNTnRMC1hxLhsA7JI4ZsLdZTBqFxkJSp/fmOIt1B+uYokjPljgoNNuqahzuiZ/26Uw4dcDwfcv6h0xeHp1nXtCuSYWdbVDDxYojQRWsVXYr72kex44Tg0WF4g7A1ub/lB+2Ik0e96SFYY/vlsqji6ie1c2pdtS6yuJBtgipDp3WEmgDArWw9PkvGzlZG58eW4DQSeNf/WsGsamIKpqzQm3jKpDvUfpeIxK2z+Qv1w5YyzAEM2InzFleUafx7PSZ9/rdJKRBRmts52c7FA8Z7LiGcZYtBL1S37NDdMwNFZDWJ3M8sDRSSblgndm9dkQdsQu3zqYn1TBrJK/pnPwIULMHIlpiyZo109tbQwzDRRvm9Ns/JRjpusEOE8aZEIlVSgipMs9H/mIS6oriAoolgUTVcmrenKAIZjQNjWM/syx3MEdmdv8SbSYnixV4ZT0wGkgmShQxsv1SfeAkSqNOiO3+OjjRkSyAM2tBFn9Xy8Ll9bxorUYOX7qxWheWfoTs= olek.drwal@gmail.com\nssh-rsa AAAAB3NzaC1yc2EAAAADAQABAAABgQCnhLxW0HKiaIgajs5vI5R9FWt+42HYHhARbyI1ApahwPhVjFwttsKbiYsHW7h6cLXn0M99+h3z3ksUKJ0ndLs/QJk3PkkbmPl2pFIeH2SYMA4WIP1dUbN4jCIU87W76zs4k7xnDtZoejXwcjKckCae9wv4bO3ez47xyrscpyQf5KLDzleomajcJHcalD17+By/mA8T2KY0H9SeVFVpKsWJt1xWi3bksmuU6LvILHZ161m0LK1U+WsjJQhByd/pWdWsm9Y5hGrqv2IK3YV2VDSPutpbdpDgvWKLap1MMSAG6ovPmcjOtT30qX1wQrnY9zwKh0YEm0ZRwmLdIdaIARCQj9EM6VmJV7vd2J2RvQh/bVr5wyVYWgkGS3V/Q1KvXqt1TDu/n0brUTGsNSKJT2h8+wiC51MLpRlrYt8QvuYjbYpDGvzLuVwMbCgdFNUxder7SffnjUzS2xxV5fdAuxx6LUqYSobnqoily4uiow/a+ddbtY6Dnl6QlXxdBOJQWWs= grabski.dev@gmail.com\nssh-rsa AAAAB3NzaC1yc2EAAAADAQABAAACAQDAe3Bm4eMPScIPxzWjh9dYLTL7+MeVhhzZt+R3cWGKg1lzCneFfJtL6EWgjd5PEo4/NX2OlE/OCNjU5XVh/IXJriPkvUYY+OeiTsqNlyr/HKqpKN+5cvIhO7PSJuF6sUdMaoXV8JI7osyk16sHoXw8VMYG3ldkF1UR7rpsYhcgZFQgBLmB5Nu6rKeXXDtsE3ib5qxzNXF169BZZXlNf1Mj8o2TLFnqBhA1Ewk5GRPQA1WVwcm0iMaNh4C7S4CiemaaMOQXqC+ZGAph+lB9m5GtAveiugaf2ScWbOF0RpULHf0JMWKaIor54cYehox0zwJwP30+Nh6Qmx+5Ld9C/CS6yE8ALI3NXb2nIJvs8CqfI28Z5Jtjt9D+RaNHJMejcmCPU7qvZ7UYd+odMi/4ZAtVQKVyYFieXWmA1zc8j0LbhaTmq4aQviMb5+J/w5gJGjB6gVCcHCRpDF6Whi9nHELL33KsictnEVBXZlwJcfaTHfeNk1DiNqFyc5AfKRuN589aiLykaS2TQqZofjr1qNw0bF65dIwyw+X6lp/3ty9+nceI8s9a+Gmhp1XmIttlPPZzWFQ19ywS63Xu/cH/JDpHBn6PpTqv4xpH7Lb46dZlFEMYaixT9e8LuK37l/aVXojQb6/+hR2SMqatDIIx4gA+7sIwCwt4X++GPw6c7836kQ== mgarbowski@yoga\nssh-rsa AAAAB3NzaC1yc2EAAAADAQABAAABgQDIyW94gLBuOGnuS5U8PgUpDWjL4yEh25eqBV8bkdGF3vkjAmYO9der6ianFYEueNnZtUgGgLr8Sde3Kw2aQ/dHkBB2ulChvTfTVI+97v43hwtaz3Nqf3+eRLS2js6sG/LLnmMxyh2cFrf4plbslLIeulhmR6iW4WjAWDSHkLD6vPsnH2aX0r6zUja1zJ6n+rwukWpROsfrRa1knfX5HoB0hzW8ihzo4sQKfpXh7vMWELsPRsIbZFuhAABbEV/MxUFKxF2qc/L2vMZaILNMcscChh2qMh4+DTTx9K2cKbb5arEUUe89GyaGR/9ejZhY6MJ/quztnf8eoHexUMgRM0E1mH6KJjlyQ7eCVC8x3WdBSoDR09BumEruHQpT++2pzdEF3pK/9om4tml6fYQ+8NpWjBrV53x/08ESc0l3HCOgdUB1UMuKLwLmvFZt+0zVOfQR1W/mITTxecY35FA5Ja0Vy6oAXNhPUikmgtsTlMI12EfK336Qr/kZqlaX46NFlF0= bienkowski.maksym@gmail.com\nssh-rsa AAAAB3NzaC1yc2EAAAADAQABAAABgQCYwqyufA/oBKMw/YfwrC/SAtKNMw0I2qUROXSFuh3Vg6ENn7ItBUOWi6LGxNzKWiy3R9YbNqEsvpVB+OGouVUxgYyleGgnGjoz6vkssL/DoBiC2N0iZ38z8eXVODAK7JAGg/RS204oVthunf8kVxCtqjWHoXnft7Ai4tTxlSOhzV+Ho4PuRISKsRi9uI/CbgiWZegjPxyhlsBAKQeKM20Vs+JXUqbmRRZfa/KsJeHlrnvm/fzzOxhnQ8WoMej1gafnKgDpp12TPiKeKlRqNVoHvoYVOZ5pDj96ozzF87S9a0dOAuMiABsH+mwkPHDuWxNRhf4LY5Zmg7umg/2Nnqjmoz+qVVVCFBPFTmnFzNoJ8AVvpdHGzvJSgjpq4A7i+gEXkyHWblL4HDlz60lGTPO2CcCB78E/acfftub7o0aChPNg3KrfRR8bk33WpFiiBZI33yKvehzGw5tl9idQxkmRaecusmLdwJQTfd1pWtd2+2mz9z7wvJhiNyJbbmmd3zk= michluszcz@gmail.com\n",
                "username": "azureuser"
              }
            ],
            "admin_username": "azureuser",
            "allow_extension_operations": true,
            "availability_set_id": "",
            "boot_diagnostics": [],
            "computer_name": "deployment-vm",
            "custom_data": null,
            "dedicated_host_group_id": "",
            "dedicated_host_id": "",
            "disable_password_authentication": true,
            "edge_zone": "",
            "encryption_at_host_enabled": false,
            "eviction_policy": "",
            "extensions_time_budget": "PT1H30M",
            "id": "/subscriptions/c539c22d-81df-4900-93d0-f5d20ccc64b9/resourceGroups/pis-rg-2/providers/Microsoft.Compute/virtualMachines/deployment-vm",
            "identity": [],
            "license_type": "",
            "location": "westeurope",
            "max_bid_price": -1,
            "name": "deployment-vm",
            "network_interface_ids": [
              "/subscriptions/c539c22d-81df-4900-93d0-f5d20ccc64b9/resourceGroups/pis-rg-2/providers/Microsoft.Network/networkInterfaces/deployment-nic"
            ],
            "os_disk": [
              {
                "caching": "ReadWrite",
                "diff_disk_settings": [],
                "disk_encryption_set_id": "",
                "disk_size_gb": 30,
                "name": "deployment-vm_OsDisk_1_c33f751efaf04a4684c87a9182de2025",
                "storage_account_type": "Standard_LRS",
                "write_accelerator_enabled": false
              }
            ],
            "patch_mode": "ImageDefault",
            "plan": [],
            "platform_fault_domain": -1,
            "priority": "Regular",
            "private_ip_address": "10.0.1.5",
            "private_ip_addresses": [
              "10.0.1.5"
            ],
            "provision_vm_agent": true,
            "proximity_placement_group_id": "",
            "public_ip_address": "52.166.151.86",
            "public_ip_addresses": [
              "52.166.151.86"
            ],
            "resource_group_name": "pis-rg-2",
            "secret": [],
            "secure_boot_enabled": false,
            "size": "Standard_B1s",
            "source_image_id": "",
            "source_image_reference": [
              {
                "offer": "0001-com-ubuntu-server-focal",
                "publisher": "Canonical",
                "sku": "20_04-lts",
                "version": "latest"
              }
            ],
            "tags": null,
            "termination_notification": null,
            "timeouts": null,
            "user_data": "",
            "virtual_machine_id": "ac94800f-9770-4b00-a7bc-ee558059feac",
            "virtual_machine_scale_set_id": "",
            "vtpm_enabled": false,
            "zone": ""
          },
          "sensitive_attributes": [
            [
              {
                "type": "get_attr",
                "value": "custom_data"
              }
            ],
            [
              {
                "type": "get_attr",
                "value": "admin_password"
              }
            ]
          ],
          "private": "eyJlMmJmYjczMC1lY2FhLTExZTYtOGY4OC0zNDM2M2JjN2M0YzAiOnsiY3JlYXRlIjoyNzAwMDAwMDAwMDAwLCJkZWxldGUiOjI3MDAwMDAwMDAwMDAsInJlYWQiOjMwMDAwMDAwMDAwMCwidXBkYXRlIjoyNzAwMDAwMDAwMDAwfX0=",
          "dependencies": [
            "azurerm_network_interface.deployment_nic",
            "azurerm_public_ip.deployment_ip",
            "azurerm_resource_group.pis_rg",
            "azurerm_subnet.pis_subnet",
            "azurerm_virtual_network.pis_vnet"
          ]
        }
      ]
    },
    {
      "mode": "managed",
      "type": "azurerm_network_interface",
      "name": "ci_cd_nic",
      "provider": "provider[\"registry.terraform.io/hashicorp/azurerm\"]",
      "instances": [
        {
          "schema_version": 0,
          "attributes": {
            "applied_dns_servers": [],
            "dns_servers": [],
            "edge_zone": "",
            "enable_accelerated_networking": false,
            "enable_ip_forwarding": false,
            "id": "/subscriptions/c539c22d-81df-4900-93d0-f5d20ccc64b9/resourceGroups/pis-rg-2/providers/Microsoft.Network/networkInterfaces/ci-cd-nic",
            "internal_dns_name_label": "",
            "internal_domain_name_suffix": "tlahsojvdnwu1p1ka3qdmvc2cc.ax.internal.cloudapp.net",
            "ip_configuration": [
              {
                "gateway_load_balancer_frontend_ip_configuration_id": "",
                "name": "ci-cd-ip-config",
                "primary": true,
                "private_ip_address": "10.0.1.4",
                "private_ip_address_allocation": "Static",
                "private_ip_address_version": "IPv4",
                "public_ip_address_id": "/subscriptions/c539c22d-81df-4900-93d0-f5d20ccc64b9/resourceGroups/pis-rg-2/providers/Microsoft.Network/publicIPAddresses/ci-cd-ip",
                "subnet_id": "/subscriptions/c539c22d-81df-4900-93d0-f5d20ccc64b9/resourceGroups/pis-rg-2/providers/Microsoft.Network/virtualNetworks/pis-vnet/subnets/pis-subnet"
              }
            ],
            "location": "westeurope",
            "mac_address": "",
            "name": "ci-cd-nic",
            "private_ip_address": "10.0.1.4",
            "private_ip_addresses": [
              "10.0.1.4"
            ],
            "resource_group_name": "pis-rg-2",
            "tags": null,
            "timeouts": null,
            "virtual_machine_id": ""
          },
          "sensitive_attributes": [],
          "private": "eyJlMmJmYjczMC1lY2FhLTExZTYtOGY4OC0zNDM2M2JjN2M0YzAiOnsiY3JlYXRlIjoxODAwMDAwMDAwMDAwLCJkZWxldGUiOjE4MDAwMDAwMDAwMDAsInJlYWQiOjMwMDAwMDAwMDAwMCwidXBkYXRlIjoxODAwMDAwMDAwMDAwfX0=",
          "dependencies": [
            "azurerm_public_ip.ci_cd_ip",
            "azurerm_resource_group.pis_rg",
            "azurerm_subnet.pis_subnet",
            "azurerm_virtual_network.pis_vnet"
          ]
        }
      ]
    },
    {
      "mode": "managed",
      "type": "azurerm_network_interface",
      "name": "deployment_nic",
      "provider": "provider[\"registry.terraform.io/hashicorp/azurerm\"]",
      "instances": [
        {
          "schema_version": 0,
          "attributes": {
            "applied_dns_servers": [],
            "dns_servers": [],
            "edge_zone": "",
            "enable_accelerated_networking": false,
            "enable_ip_forwarding": false,
            "id": "/subscriptions/c539c22d-81df-4900-93d0-f5d20ccc64b9/resourceGroups/pis-rg-2/providers/Microsoft.Network/networkInterfaces/deployment-nic",
            "internal_dns_name_label": "",
            "internal_domain_name_suffix": "tlahsojvdnwu1p1ka3qdmvc2cc.ax.internal.cloudapp.net",
            "ip_configuration": [
              {
                "gateway_load_balancer_frontend_ip_configuration_id": "",
                "name": "deployment-ip-config",
                "primary": true,
                "private_ip_address": "10.0.1.5",
                "private_ip_address_allocation": "Static",
                "private_ip_address_version": "IPv4",
                "public_ip_address_id": "/subscriptions/c539c22d-81df-4900-93d0-f5d20ccc64b9/resourceGroups/pis-rg-2/providers/Microsoft.Network/publicIPAddresses/deployment-ip",
                "subnet_id": "/subscriptions/c539c22d-81df-4900-93d0-f5d20ccc64b9/resourceGroups/pis-rg-2/providers/Microsoft.Network/virtualNetworks/pis-vnet/subnets/pis-subnet"
              }
            ],
            "location": "westeurope",
            "mac_address": "",
            "name": "deployment-nic",
            "private_ip_address": "10.0.1.5",
            "private_ip_addresses": [
              "10.0.1.5"
            ],
            "resource_group_name": "pis-rg-2",
            "tags": null,
            "timeouts": null,
            "virtual_machine_id": ""
          },
          "sensitive_attributes": [],
          "private": "eyJlMmJmYjczMC1lY2FhLTExZTYtOGY4OC0zNDM2M2JjN2M0YzAiOnsiY3JlYXRlIjoxODAwMDAwMDAwMDAwLCJkZWxldGUiOjE4MDAwMDAwMDAwMDAsInJlYWQiOjMwMDAwMDAwMDAwMCwidXBkYXRlIjoxODAwMDAwMDAwMDAwfX0=",
          "dependencies": [
            "azurerm_public_ip.deployment_ip",
            "azurerm_resource_group.pis_rg",
            "azurerm_subnet.pis_subnet",
            "azurerm_virtual_network.pis_vnet"
          ]
        }
      ]
    },
    {
      "mode": "managed",
      "type": "azurerm_network_interface_security_group_association",
      "name": "ci_cd_nic_nsg",
      "provider": "provider[\"registry.terraform.io/hashicorp/azurerm\"]",
      "instances": [
        {
          "schema_version": 0,
          "attributes": {
            "id": "/subscriptions/c539c22d-81df-4900-93d0-f5d20ccc64b9/resourceGroups/pis-rg-2/providers/Microsoft.Network/networkInterfaces/ci-cd-nic|/subscriptions/c539c22d-81df-4900-93d0-f5d20ccc64b9/resourceGroups/pis-rg-2/providers/Microsoft.Network/networkSecurityGroups/pis-nsg",
            "network_interface_id": "/subscriptions/c539c22d-81df-4900-93d0-f5d20ccc64b9/resourceGroups/pis-rg-2/providers/Microsoft.Network/networkInterfaces/ci-cd-nic",
            "network_security_group_id": "/subscriptions/c539c22d-81df-4900-93d0-f5d20ccc64b9/resourceGroups/pis-rg-2/providers/Microsoft.Network/networkSecurityGroups/pis-nsg",
            "timeouts": null
          },
          "sensitive_attributes": [],
          "private": "eyJlMmJmYjczMC1lY2FhLTExZTYtOGY4OC0zNDM2M2JjN2M0YzAiOnsiY3JlYXRlIjoxODAwMDAwMDAwMDAwLCJkZWxldGUiOjE4MDAwMDAwMDAwMDAsInJlYWQiOjMwMDAwMDAwMDAwMCwidXBkYXRlIjoxODAwMDAwMDAwMDAwfX0=",
          "dependencies": [
            "azurerm_network_interface.ci_cd_nic",
            "azurerm_network_security_group.pis_nsg",
            "azurerm_public_ip.ci_cd_ip",
            "azurerm_resource_group.pis_rg",
            "azurerm_subnet.pis_subnet",
            "azurerm_virtual_network.pis_vnet"
          ]
        }
      ]
    },
    {
      "mode": "managed",
      "type": "azurerm_network_interface_security_group_association",
      "name": "deployment_nic_nsg",
      "provider": "provider[\"registry.terraform.io/hashicorp/azurerm\"]",
      "instances": [
        {
          "schema_version": 0,
          "attributes": {
            "id": "/subscriptions/c539c22d-81df-4900-93d0-f5d20ccc64b9/resourceGroups/pis-rg-2/providers/Microsoft.Network/networkInterfaces/deployment-nic|/subscriptions/c539c22d-81df-4900-93d0-f5d20ccc64b9/resourceGroups/pis-rg-2/providers/Microsoft.Network/networkSecurityGroups/pis-nsg",
            "network_interface_id": "/subscriptions/c539c22d-81df-4900-93d0-f5d20ccc64b9/resourceGroups/pis-rg-2/providers/Microsoft.Network/networkInterfaces/deployment-nic",
            "network_security_group_id": "/subscriptions/c539c22d-81df-4900-93d0-f5d20ccc64b9/resourceGroups/pis-rg-2/providers/Microsoft.Network/networkSecurityGroups/pis-nsg",
            "timeouts": null
          },
          "sensitive_attributes": [],
          "private": "eyJlMmJmYjczMC1lY2FhLTExZTYtOGY4OC0zNDM2M2JjN2M0YzAiOnsiY3JlYXRlIjoxODAwMDAwMDAwMDAwLCJkZWxldGUiOjE4MDAwMDAwMDAwMDAsInJlYWQiOjMwMDAwMDAwMDAwMCwidXBkYXRlIjoxODAwMDAwMDAwMDAwfX0=",
          "dependencies": [
            "azurerm_network_interface.deployment_nic",
            "azurerm_network_security_group.pis_nsg",
            "azurerm_public_ip.deployment_ip",
            "azurerm_resource_group.pis_rg",
            "azurerm_subnet.pis_subnet",
            "azurerm_virtual_network.pis_vnet"
          ]
        }
      ]
    },
    {
      "mode": "managed",
      "type": "azurerm_network_security_group",
      "name": "pis_nsg",
      "provider": "provider[\"registry.terraform.io/hashicorp/azurerm\"]",
      "instances": [
        {
          "schema_version": 0,
          "attributes": {
            "id": "/subscriptions/c539c22d-81df-4900-93d0-f5d20ccc64b9/resourceGroups/pis-rg-2/providers/Microsoft.Network/networkSecurityGroups/pis-nsg",
            "location": "westeurope",
            "name": "pis-nsg",
            "resource_group_name": "pis-rg-2",
            "security_rule": [],
            "tags": null,
            "timeouts": null
          },
          "sensitive_attributes": [],
          "private": "eyJlMmJmYjczMC1lY2FhLTExZTYtOGY4OC0zNDM2M2JjN2M0YzAiOnsiY3JlYXRlIjoxODAwMDAwMDAwMDAwLCJkZWxldGUiOjE4MDAwMDAwMDAwMDAsInJlYWQiOjMwMDAwMDAwMDAwMCwidXBkYXRlIjoxODAwMDAwMDAwMDAwfX0=",
          "dependencies": [
            "azurerm_resource_group.pis_rg"
          ]
        }
      ]
    },
    {
      "mode": "managed",
      "type": "azurerm_network_security_rule",
      "name": "name",
      "provider": "provider[\"registry.terraform.io/hashicorp/azurerm\"]",
      "instances": [
        {
          "index_key": "pis-nsg-rule-http",
          "schema_version": 0,
          "attributes": {
            "access": "Allow",
            "description": "",
            "destination_address_prefix": "*",
            "destination_address_prefixes": null,
            "destination_application_security_group_ids": null,
            "destination_port_range": "80",
            "destination_port_ranges": null,
            "direction": "Inbound",
            "id": "/subscriptions/c539c22d-81df-4900-93d0-f5d20ccc64b9/resourceGroups/pis-rg-2/providers/Microsoft.Network/networkSecurityGroups/pis-nsg/securityRules/pis-nsg-rule-http",
            "name": "pis-nsg-rule-http",
            "network_security_group_name": "pis-nsg",
            "priority": 1020,
            "protocol": "Tcp",
            "resource_group_name": "pis-rg-2",
            "source_address_prefix": "*",
            "source_address_prefixes": null,
            "source_application_security_group_ids": null,
            "source_port_range": "*",
            "source_port_ranges": null,
            "timeouts": null
          },
          "sensitive_attributes": [],
          "private": "eyJlMmJmYjczMC1lY2FhLTExZTYtOGY4OC0zNDM2M2JjN2M0YzAiOnsiY3JlYXRlIjoxODAwMDAwMDAwMDAwLCJkZWxldGUiOjE4MDAwMDAwMDAwMDAsInJlYWQiOjMwMDAwMDAwMDAwMCwidXBkYXRlIjoxODAwMDAwMDAwMDAwfX0=",
          "dependencies": [
            "azurerm_network_security_group.pis_nsg",
            "azurerm_resource_group.pis_rg"
          ]
        },
        {
          "index_key": "pis-nsg-rule-https",
          "schema_version": 0,
          "attributes": {
            "access": "Allow",
            "description": "",
            "destination_address_prefix": "*",
            "destination_address_prefixes": null,
            "destination_application_security_group_ids": null,
            "destination_port_range": "443",
            "destination_port_ranges": null,
            "direction": "Inbound",
            "id": "/subscriptions/c539c22d-81df-4900-93d0-f5d20ccc64b9/resourceGroups/pis-rg-2/providers/Microsoft.Network/networkSecurityGroups/pis-nsg/securityRules/pis-nsg-rule-https",
            "name": "pis-nsg-rule-https",
            "network_security_group_name": "pis-nsg",
            "priority": 1030,
            "protocol": "Tcp",
            "resource_group_name": "pis-rg-2",
            "source_address_prefix": "*",
            "source_address_prefixes": null,
            "source_application_security_group_ids": null,
            "source_port_range": "*",
            "source_port_ranges": null,
            "timeouts": null
          },
          "sensitive_attributes": [],
          "private": "eyJlMmJmYjczMC1lY2FhLTExZTYtOGY4OC0zNDM2M2JjN2M0YzAiOnsiY3JlYXRlIjoxODAwMDAwMDAwMDAwLCJkZWxldGUiOjE4MDAwMDAwMDAwMDAsInJlYWQiOjMwMDAwMDAwMDAwMCwidXBkYXRlIjoxODAwMDAwMDAwMDAwfX0=",
          "dependencies": [
            "azurerm_network_security_group.pis_nsg",
            "azurerm_resource_group.pis_rg"
          ]
        },
        {
          "index_key": "pis-nsg-rule-ssh",
          "schema_version": 0,
          "attributes": {
            "access": "Allow",
            "description": "",
            "destination_address_prefix": "*",
            "destination_address_prefixes": null,
            "destination_application_security_group_ids": null,
            "destination_port_range": "22",
            "destination_port_ranges": null,
            "direction": "Inbound",
            "id": "/subscriptions/c539c22d-81df-4900-93d0-f5d20ccc64b9/resourceGroups/pis-rg-2/providers/Microsoft.Network/networkSecurityGroups/pis-nsg/securityRules/pis-nsg-rule-ssh",
            "name": "pis-nsg-rule-ssh",
            "network_security_group_name": "pis-nsg",
            "priority": 1000,
            "protocol": "Tcp",
            "resource_group_name": "pis-rg-2",
            "source_address_prefix": "*",
            "source_address_prefixes": null,
            "source_application_security_group_ids": null,
            "source_port_range": "*",
            "source_port_ranges": null,
            "timeouts": null
          },
          "sensitive_attributes": [],
          "private": "eyJlMmJmYjczMC1lY2FhLTExZTYtOGY4OC0zNDM2M2JjN2M0YzAiOnsiY3JlYXRlIjoxODAwMDAwMDAwMDAwLCJkZWxldGUiOjE4MDAwMDAwMDAwMDAsInJlYWQiOjMwMDAwMDAwMDAwMCwidXBkYXRlIjoxODAwMDAwMDAwMDAwfX0=",
          "dependencies": [
            "azurerm_network_security_group.pis_nsg",
            "azurerm_resource_group.pis_rg"
          ]
        }
      ]
    },
    {
      "mode": "managed",
      "type": "azurerm_public_ip",
      "name": "ci_cd_ip",
      "provider": "provider[\"registry.terraform.io/hashicorp/azurerm\"]",
      "instances": [
        {
          "schema_version": 0,
          "attributes": {
            "allocation_method": "Static",
            "domain_name_label": null,
            "edge_zone": "",
            "fqdn": null,
            "id": "/subscriptions/c539c22d-81df-4900-93d0-f5d20ccc64b9/resourceGroups/pis-rg-2/providers/Microsoft.Network/publicIPAddresses/ci-cd-ip",
            "idle_timeout_in_minutes": 4,
            "ip_address": "52.166.151.58",
            "ip_tags": null,
            "ip_version": "IPv4",
            "location": "westeurope",
            "name": "ci-cd-ip",
            "public_ip_prefix_id": null,
            "resource_group_name": "pis-rg-2",
            "reverse_fqdn": null,
            "sku": "Basic",
            "sku_tier": "Regional",
            "tags": null,
            "timeouts": null,
            "zones": null
          },
          "sensitive_attributes": [],
          "private": "eyJlMmJmYjczMC1lY2FhLTExZTYtOGY4OC0zNDM2M2JjN2M0YzAiOnsiY3JlYXRlIjoxODAwMDAwMDAwMDAwLCJkZWxldGUiOjE4MDAwMDAwMDAwMDAsInJlYWQiOjMwMDAwMDAwMDAwMCwidXBkYXRlIjoxODAwMDAwMDAwMDAwfX0=",
          "dependencies": [
            "azurerm_resource_group.pis_rg"
          ]
        }
      ]
    },
    {
      "mode": "managed",
      "type": "azurerm_public_ip",
      "name": "deployment_ip",
      "provider": "provider[\"registry.terraform.io/hashicorp/azurerm\"]",
      "instances": [
        {
          "schema_version": 0,
          "attributes": {
            "allocation_method": "Static",
            "domain_name_label": null,
            "edge_zone": "",
            "fqdn": null,
            "id": "/subscriptions/c539c22d-81df-4900-93d0-f5d20ccc64b9/resourceGroups/pis-rg-2/providers/Microsoft.Network/publicIPAddresses/deployment-ip",
            "idle_timeout_in_minutes": 4,
            "ip_address": "52.166.151.86",
            "ip_tags": null,
            "ip_version": "IPv4",
            "location": "westeurope",
            "name": "deployment-ip",
            "public_ip_prefix_id": null,
            "resource_group_name": "pis-rg-2",
            "reverse_fqdn": null,
            "sku": "Basic",
            "sku_tier": "Regional",
            "tags": null,
            "timeouts": null,
            "zones": null
          },
          "sensitive_attributes": [],
          "private": "eyJlMmJmYjczMC1lY2FhLTExZTYtOGY4OC0zNDM2M2JjN2M0YzAiOnsiY3JlYXRlIjoxODAwMDAwMDAwMDAwLCJkZWxldGUiOjE4MDAwMDAwMDAwMDAsInJlYWQiOjMwMDAwMDAwMDAwMCwidXBkYXRlIjoxODAwMDAwMDAwMDAwfX0=",
          "dependencies": [
            "azurerm_resource_group.pis_rg"
          ]
        }
      ]
    },
    {
      "mode": "managed",
      "type": "azurerm_resource_group",
      "name": "pis_rg",
      "provider": "provider[\"registry.terraform.io/hashicorp/azurerm\"]",
      "instances": [
        {
          "schema_version": 0,
          "attributes": {
            "id": "/subscriptions/c539c22d-81df-4900-93d0-f5d20ccc64b9/resourceGroups/pis-rg-2",
            "location": "westeurope",
            "name": "pis-rg-2",
            "tags": null,
            "timeouts": null
          },
          "sensitive_attributes": [],
          "private": "eyJlMmJmYjczMC1lY2FhLTExZTYtOGY4OC0zNDM2M2JjN2M0YzAiOnsiY3JlYXRlIjo1NDAwMDAwMDAwMDAwLCJkZWxldGUiOjU0MDAwMDAwMDAwMDAsInJlYWQiOjMwMDAwMDAwMDAwMCwidXBkYXRlIjo1NDAwMDAwMDAwMDAwfX0="
        }
      ]
    },
    {
      "mode": "managed",
      "type": "azurerm_subnet",
      "name": "pis_subnet",
      "provider": "provider[\"registry.terraform.io/hashicorp/azurerm\"]",
      "instances": [
        {
          "schema_version": 0,
          "attributes": {
            "address_prefixes": [
              "10.0.0.0/16"
            ],
            "delegation": [],
            "enforce_private_link_endpoint_network_policies": false,
            "enforce_private_link_service_network_policies": false,
            "id": "/subscriptions/c539c22d-81df-4900-93d0-f5d20ccc64b9/resourceGroups/pis-rg-2/providers/Microsoft.Network/virtualNetworks/pis-vnet/subnets/pis-subnet",
            "name": "pis-subnet",
            "resource_group_name": "pis-rg-2",
            "service_endpoint_policy_ids": null,
            "service_endpoints": null,
            "timeouts": null,
            "virtual_network_name": "pis-vnet"
          },
          "sensitive_attributes": [],
          "private": "eyJlMmJmYjczMC1lY2FhLTExZTYtOGY4OC0zNDM2M2JjN2M0YzAiOnsiY3JlYXRlIjoxODAwMDAwMDAwMDAwLCJkZWxldGUiOjE4MDAwMDAwMDAwMDAsInJlYWQiOjMwMDAwMDAwMDAwMCwidXBkYXRlIjoxODAwMDAwMDAwMDAwfX0=",
          "dependencies": [
            "azurerm_resource_group.pis_rg",
            "azurerm_virtual_network.pis_vnet"
          ]
        }
      ]
    },
    {
      "mode": "managed",
      "type": "azurerm_virtual_network",
      "name": "pis_vnet",
      "provider": "provider[\"registry.terraform.io/hashicorp/azurerm\"]",
      "instances": [
        {
          "schema_version": 0,
          "attributes": {
            "address_space": [
              "10.0.0.0/16"
            ],
            "bgp_community": "",
            "ddos_protection_plan": [],
            "dns_servers": [],
            "edge_zone": "",
            "flow_timeout_in_minutes": 0,
            "guid": "3979c09a-1b35-4d6d-bf6a-076036545c12",
            "id": "/subscriptions/c539c22d-81df-4900-93d0-f5d20ccc64b9/resourceGroups/pis-rg-2/providers/Microsoft.Network/virtualNetworks/pis-vnet",
            "location": "westeurope",
            "name": "pis-vnet",
            "resource_group_name": "pis-rg-2",
            "subnet": [],
            "tags": null,
            "timeouts": null
          },
          "sensitive_attributes": [],
          "private": "eyJlMmJmYjczMC1lY2FhLTExZTYtOGY4OC0zNDM2M2JjN2M0YzAiOnsiY3JlYXRlIjoxODAwMDAwMDAwMDAwLCJkZWxldGUiOjE4MDAwMDAwMDAwMDAsInJlYWQiOjMwMDAwMDAwMDAwMCwidXBkYXRlIjoxODAwMDAwMDAwMDAwfX0=",
          "dependencies": [
            "azurerm_resource_group.pis_rg"
          ]
        }
      ]
    }
  ],
  "check_results": null
}
